
Microsoft Visual Studio Solution File, Format Version 12.00
# Visual Studio Version 16
VisualStudioVersion = 16.0.31112.23
MinimumVisualStudioVersion = 10.0.40219.1
Project("{FAE04EC0-301F-11D3-BF4B-00C04F79EFBC}") = "FormsAppCode", "FormsAppCode\FormsAppCode.csproj", "{CDFC24BE-AE9C-418C-B92E-CD2828C66CDF}"
EndProject
Project("{FAE04EC0-301F-11D3-BF4B-00C04F79EFBC}") = "FormsAppTemplate", "FormsAppTemplate\FormsAppTemplate.csproj", "{B6D95003-6B30-41C5-B448-1E9D30198D14}"
EndProject
Project("{2150E333-8FDC-42A3-9474-1A3956D46DE8}") = "Solution Items", "Solution Items", "{3F387053-A889-400B-A269-5993C0AE8DD2}"
	ProjectSection(SolutionItems) = preProject
		.editorconfig = .editorconfig
	EndProjectSection
EndProject
Global
	GlobalSection(SolutionConfigurationPlatforms) = preSolution
		Debug|Any CPU = Debug|Any CPU
		Release|Any CPU = Release|Any CPU
	EndGlobalSection
	GlobalSection(ProjectConfigurationPlatforms) = postSolution
		{CDFC24BE-AE9C-418C-B92E-CD2828C66CDF}.Debug|Any CPU.ActiveCfg = Debug|Any CPU
		{CDFC24BE-AE9C-418C-B92E-CD2828C66CDF}.Debug|Any CPU.Build.0 = Debug|Any CPU
		{CDFC24BE-AE9C-418C-B92E-CD2828C66CDF}.Release|Any CPU.ActiveCfg = Release|Any CPU
		{CDFC24BE-AE9C-418C-B92E-CD2828C66CDF}.Release|Any CPU.Build.0 = Release|Any CPU
		{B6D95003-6B30-41C5-B448-1E9D30198D14}.Debug|Any CPU.ActiveCfg = Debug|Any CPU
		{B6D95003-6B30-41C5-B448-1E9D30198D14}.Debug|Any CPU.Build.0 = Debug|Any CPU
		{B6D95003-6B30-41C5-B448-1E9D30198D14}.Release|Any CPU.ActiveCfg = Release|Any CPU
		{B6D95003-6B30-41C5-B448-1E9D30198D14}.Release|Any CPU.Build.0 = Release|Any CPU
	EndGlobalSection
	GlobalSection(SolutionProperties) = preSolution
		HideSolutionNode = FALSE
	EndGlobalSection
	GlobalSection(ExtensibilityGlobals) = postSolution
		SolutionGuid = {5C3F1043-00B2-412F-97B9-55E6ADB7A6FF}
	EndGlobalSection
EndGlobal
